
Microsoft Visual Studio Solution File, Format Version 12.00
# Visual Studio 15
VisualStudioVersion = 15.0.28307.271
MinimumVisualStudioVersion = 10.0.40219.1
Project("{FAE04EC0-301F-11D3-BF4B-00C04F79EFBC}") = "IdentityServer4.Identity", "IdentityServer4.Identity\IdentityServer4.Identity.csproj", "{5337617C-A130-45E7-80AC-039AA7414CAE}"
EndProject
Project("{FAE04EC0-301F-11D3-BF4B-00C04F79EFBC}") = "IdentityServer4.Api", "IdentityServer4.Api\IdentityServer4.Api.csproj", "{64F80A53-572A-4270-AA90-4E10D19F704E}"
EndProject
Global
	GlobalSection(SolutionConfigurationPlatforms) = preSolution
		Debug|Any CPU = Debug|Any CPU
		Release|Any CPU = Release|Any CPU
	EndGlobalSection
	GlobalSection(ProjectConfigurationPlatforms) = postSolution
		{5337617C-A130-45E7-80AC-039AA7414CAE}.Debug|Any CPU.ActiveCfg = Debug|Any CPU
		{5337617C-A130-45E7-80AC-039AA7414CAE}.Debug|Any CPU.Build.0 = Debug|Any CPU
		{5337617C-A130-45E7-80AC-039AA7414CAE}.Release|Any CPU.ActiveCfg = Release|Any CPU
		{5337617C-A130-45E7-80AC-039AA7414CAE}.Release|Any CPU.Build.0 = Release|Any CPU
		{64F80A53-572A-4270-AA90-4E10D19F704E}.Debug|Any CPU.ActiveCfg = Debug|Any CPU
		{64F80A53-572A-4270-AA90-4E10D19F704E}.Debug|Any CPU.Build.0 = Debug|Any CPU
		{64F80A53-572A-4270-AA90-4E10D19F704E}.Release|Any CPU.ActiveCfg = Release|Any CPU
		{64F80A53-572A-4270-AA90-4E10D19F704E}.Release|Any CPU.Build.0 = Release|Any CPU
	EndGlobalSection
	GlobalSection(SolutionProperties) = preSolution
		HideSolutionNode = FALSE
	EndGlobalSection
	GlobalSection(ExtensibilityGlobals) = postSolution
		SolutionGuid = {5B3C95C7-7301-4891-912D-1C4ADBE715B8}
	EndGlobalSection
EndGlobal
